<?xml version="1.0" encoding="utf-8"?>
<Project ToolsVersion="4.0" xmlns="http://schemas.microsoft.com/developer/msbuild/2003">
  <ItemGroup>
    <Filter Include="Source Files">
      <UniqueIdentifier>{4FC737F1-C7A5-4376-A066-2A32D752A2FF}</UniqueIdentifier>
      <Extensions>cpp;c;cc;cxx;def;odl;idl;hpj;bat;asm;asmx</Extensions>
    </Filter>
    <Filter Include="Header Files">
      <UniqueIdentifier>{93995380-89BD-4b04-88EB-625FBE52EBFB}</UniqueIdentifier>
      <Extensions>h;hh;hpp;hxx;hm;inl;inc;xsd</Extensions>
    </Filter>
    <Filter Include="Resource Files">
      <UniqueIdentifier>{67DA6AB6-F800-4c08-8B7A-83BB121AAD01}</UniqueIdentifier>
      <Extensions>rc;ico;cur;bmp;dlg;rc2;rct;bin;rgs;gif;jpg;jpeg;jpe;resx;tiff;tif;png;wav;mfcribbon-ms</Extensions>
    </Filter>
  </ItemGroup>
  <ItemGroup>
    <ClCompile Include="main.cpp">
      <Filter>Source Files</Filter>
    </ClCompile>
    <ClCompile Include="EGE\Util\BasicReader.cpp">
      <Filter>Source Files</Filter>
    </ClCompile>
    <ClCompile Include="Instances\Prefabs\DXApp.cpp">
      <Filter>Source Files</Filter>
    </ClCompile>
    <ClCompile Include="Instances\TestInstance.cpp">
      <Filter>Source Files</Filter>
    </ClCompile>
    <ClCompile Include="EGE\Rendering\Renderers\EBasicRenderer.cpp">
      <Filter>Source Files</Filter>
    </ClCompile>
    <ClCompile Include="EGE\Rendering\Renderers\IRenderer.cpp">
      <Filter>Source Files</Filter>
    </ClCompile>
    <ClCompile Include="EGE\Rendering\Shaders\ShaderClasses\EBasicShader.cpp">
      <Filter>Source Files</Filter>
    </ClCompile>
    <ClCompile Include="EGE\Rendering\Shaders\ShaderClasses\IShaderProgram.cpp">
      <Filter>Source Files</Filter>
    </ClCompile>
    <ClCompile Include="EGE\Rendering\Shaders\ShaderClasses\ConstantBuffer.cpp">
      <Filter>Source Files</Filter>
    </ClCompile>
    <ClCompile Include="EGE\Module\Module.cpp">
      <Filter>Source Files</Filter>
    </ClCompile>
    <ClCompile Include="EGE\Rendering\Window\EScreen.cpp">
      <Filter>Source Files</Filter>
    </ClCompile>
  </ItemGroup>
  <ItemGroup>
    <ClInclude Include="EGE\EGE.h">
      <Filter>Header Files</Filter>
    </ClInclude>
    <ClInclude Include="EGE\Util\BasicReader.h">
      <Filter>Header Files</Filter>
    </ClInclude>
    <ClInclude Include="EGE\Util\EGEUtil.h">
      <Filter>Header Files</Filter>
    </ClInclude>
    <ClInclude Include="Instances\Prefabs\DXApp.h">
      <Filter>Header Files</Filter>
    </ClInclude>
    <ClInclude Include="Instances\TestInstance.h">
      <Filter>Header Files</Filter>
    </ClInclude>
    <ClInclude Include="EGE\Rendering\Renderers\EBasicRenderer.h">
      <Filter>Header Files</Filter>
    </ClInclude>
    <ClInclude Include="EGE\Rendering\Renderers\IRenderer.h">
      <Filter>Header Files</Filter>
    </ClInclude>
    <ClInclude Include="EGE\Rendering\Shaders\ShaderClasses\EBasicShader.h">
      <Filter>Header Files</Filter>
    </ClInclude>
    <ClInclude Include="EGE\Rendering\Shaders\ShaderClasses\IShaderProgram.h">
      <Filter>Header Files</Filter>
    </ClInclude>
    <ClInclude Include="EGE\Rendering\RenderModels\Sprite.h">
      <Filter>Header Files</Filter>
    </ClInclude>
    <ClInclude Include="EGE\Util\Math\Vec2f.h">
      <Filter>Header Files</Filter>
    </ClInclude>
    <ClInclude Include="EGE\Util\Math\Vec3f.h">
      <Filter>Header Files</Filter>
    </ClInclude>
    <ClInclude Include="EGE\Util\Math\Vec4f.h">
      <Filter>Header Files</Filter>
    </ClInclude>
    <ClInclude Include="EGE\Rendering\Shaders\ShaderClasses\ConstantBuffer.h">
      <Filter>Header Files</Filter>
    </ClInclude>
    <ClInclude Include="EGE\Module\Module.h">
      <Filter>Header Files</Filter>
    </ClInclude>
    <ClInclude Include="EGE\Rendering\Window\EScreen.h">
      <Filter>Header Files</Filter>
    </ClInclude>
    <ClInclude Include="EGE\Util\Math\Matrix4f.h">
      <Filter>Header Files</Filter>
    </ClInclude>
  </ItemGroup>
  <ItemGroup>
    <FxCompile Include="EGE\Rendering\Shaders\RawShaders\BasicPixelShader.hlsl" />
    <FxCompile Include="EGE\Rendering\Shaders\RawShaders\BasicVertexShader.hlsl" />
  </ItemGroup>
</Project>